
Microsoft Visual Studio Solution File, Format Version 12.00
# Visual Studio 15
VisualStudioVersion = 15.0.28010.2036
MinimumVisualStudioVersion = 10.0.40219.1
Project("{FAE04EC0-301F-11D3-BF4B-00C04F79EFBC}") = "A12", "A12\A12.csproj", "{D93B4435-A46D-4BDD-B094-3FCF0BACA81E}"
EndProject
Project("{FAE04EC0-301F-11D3-BF4B-00C04F79EFBC}") = "A12Tests", "A12Tests\A12Tests.csproj", "{F3597314-4A3C-45D3-BA3C-290BAE9CC977}"
EndProject
Project("{FAE04EC0-301F-11D3-BF4B-00C04F79EFBC}") = "TestCommon", "..\Common\TestCommon\TestCommon.csproj", "{C39FF0C4-6960-42AD-8E2C-D2CAFE850A52}"
EndProject
Global
	GlobalSection(SolutionConfigurationPlatforms) = preSolution
		Debug|Any CPU = Debug|Any CPU
		Release|Any CPU = Release|Any CPU
	EndGlobalSection
	GlobalSection(ProjectConfigurationPlatforms) = postSolution
		{D93B4435-A46D-4BDD-B094-3FCF0BACA81E}.Debug|Any CPU.ActiveCfg = Debug|Any CPU
		{D93B4435-A46D-4BDD-B094-3FCF0BACA81E}.Debug|Any CPU.Build.0 = Debug|Any CPU
		{D93B4435-A46D-4BDD-B094-3FCF0BACA81E}.Release|Any CPU.ActiveCfg = Release|Any CPU
		{D93B4435-A46D-4BDD-B094-3FCF0BACA81E}.Release|Any CPU.Build.0 = Release|Any CPU
		{F3597314-4A3C-45D3-BA3C-290BAE9CC977}.Debug|Any CPU.ActiveCfg = Debug|Any CPU
		{F3597314-4A3C-45D3-BA3C-290BAE9CC977}.Debug|Any CPU.Build.0 = Debug|Any CPU
		{F3597314-4A3C-45D3-BA3C-290BAE9CC977}.Release|Any CPU.ActiveCfg = Release|Any CPU
		{F3597314-4A3C-45D3-BA3C-290BAE9CC977}.Release|Any CPU.Build.0 = Release|Any CPU
		{C39FF0C4-6960-42AD-8E2C-D2CAFE850A52}.Debug|Any CPU.ActiveCfg = Debug|Any CPU
		{C39FF0C4-6960-42AD-8E2C-D2CAFE850A52}.Debug|Any CPU.Build.0 = Debug|Any CPU
		{C39FF0C4-6960-42AD-8E2C-D2CAFE850A52}.Release|Any CPU.ActiveCfg = Release|Any CPU
		{C39FF0C4-6960-42AD-8E2C-D2CAFE850A52}.Release|Any CPU.Build.0 = Release|Any CPU
	EndGlobalSection
	GlobalSection(SolutionProperties) = preSolution
		HideSolutionNode = FALSE
	EndGlobalSection
	GlobalSection(ExtensibilityGlobals) = postSolution
		SolutionGuid = {0C55A2BE-312B-4B5A-927F-B1E955CC22B2}
	EndGlobalSection
EndGlobal
