
Microsoft Visual Studio Solution File, Format Version 12.00
# Visual Studio 15
VisualStudioVersion = 15.0.28010.2036
MinimumVisualStudioVersion = 10.0.40219.1
Project("{FAE04EC0-301F-11D3-BF4B-00C04F79EFBC}") = "A7", "A7\A7.csproj", "{35F03A67-04B1-47B4-A707-F939A83F275F}"
EndProject
Project("{FAE04EC0-301F-11D3-BF4B-00C04F79EFBC}") = "A7Tests", "A7Tests\A7Tests.csproj", "{F60DE2B6-B0E5-46B6-BBDB-886804B93386}"
EndProject
Project("{FAE04EC0-301F-11D3-BF4B-00C04F79EFBC}") = "TestCommon", "..\Common\TestCommon\TestCommon.csproj", "{C39FF0C4-6960-42AD-8E2C-D2CAFE850A52}"
EndProject
Global
	GlobalSection(SolutionConfigurationPlatforms) = preSolution
		Debug|Any CPU = Debug|Any CPU
		Release|Any CPU = Release|Any CPU
	EndGlobalSection
	GlobalSection(ProjectConfigurationPlatforms) = postSolution
		{35F03A67-04B1-47B4-A707-F939A83F275F}.Debug|Any CPU.ActiveCfg = Debug|Any CPU
		{35F03A67-04B1-47B4-A707-F939A83F275F}.Debug|Any CPU.Build.0 = Debug|Any CPU
		{35F03A67-04B1-47B4-A707-F939A83F275F}.Release|Any CPU.ActiveCfg = Release|Any CPU
		{35F03A67-04B1-47B4-A707-F939A83F275F}.Release|Any CPU.Build.0 = Release|Any CPU
		{F60DE2B6-B0E5-46B6-BBDB-886804B93386}.Debug|Any CPU.ActiveCfg = Debug|Any CPU
		{F60DE2B6-B0E5-46B6-BBDB-886804B93386}.Debug|Any CPU.Build.0 = Debug|Any CPU
		{F60DE2B6-B0E5-46B6-BBDB-886804B93386}.Release|Any CPU.ActiveCfg = Release|Any CPU
		{F60DE2B6-B0E5-46B6-BBDB-886804B93386}.Release|Any CPU.Build.0 = Release|Any CPU
		{C39FF0C4-6960-42AD-8E2C-D2CAFE850A52}.Debug|Any CPU.ActiveCfg = Debug|Any CPU
		{C39FF0C4-6960-42AD-8E2C-D2CAFE850A52}.Debug|Any CPU.Build.0 = Debug|Any CPU
		{C39FF0C4-6960-42AD-8E2C-D2CAFE850A52}.Release|Any CPU.ActiveCfg = Release|Any CPU
		{C39FF0C4-6960-42AD-8E2C-D2CAFE850A52}.Release|Any CPU.Build.0 = Release|Any CPU
	EndGlobalSection
	GlobalSection(SolutionProperties) = preSolution
		HideSolutionNode = FALSE
	EndGlobalSection
	GlobalSection(ExtensibilityGlobals) = postSolution
		SolutionGuid = {79FB13B9-ECA6-49D2-A7AB-7D53986D63EA}
	EndGlobalSection
EndGlobal
